dependencies:
- name: lido-backend
  repository: file://../lido-backend
  version: 0.1.0
- name: postgresql
  repository: file://../../vendor/postgresql
  version: 16.7.26
digest: sha256:7f7c54c4f1ef89ec94423482b32f66bd1b252981a828011127db3da9e019e806
generated: "2025-09-10T03:34:03.947901736+03:00"
